{
  "version": 4,
  "terraform_version": "1.1.7",
  "serial": 13,
  "lineage": "e490ae08-f4eb-ce6d-b905-d5020b4bcd58",
  "outputs": {},
  "resources": [
    {
      "module": "module.brent_compute",
      "mode": "managed",
      "type": "google_compute_instance",
      "name": "default_instance",
      "provider": "provider[\"registry.terraform.io/hashicorp/google\"]",
      "instances": [
        {
          "index_key": 0,
          "schema_version": 6,
          "attributes": {
            "advanced_machine_features": [],
            "allow_stopping_for_update": null,
            "attached_disk": [],
            "boot_disk": [
              {
                "auto_delete": true,
                "device_name": "persistent-disk-0",
                "disk_encryption_key_raw": "",
                "disk_encryption_key_sha256": "",
                "initialize_params": [
                  {
                    "image": "https://www.googleapis.com/compute/v1/projects/centos-cloud/global/images/centos-stream-8-v20220317",
                    "labels": {},
                    "size": 20,
                    "type": "pd-standard"
                  }
                ],
                "kms_key_self_link": "",
                "mode": "READ_WRITE",
                "source": "https://www.googleapis.com/compute/v1/projects/argon-potential-319121/zones/us-east1-b/disks/brent-compute-0"
              }
            ],
            "can_ip_forward": false,
            "confidential_instance_config": [],
            "cpu_platform": "Intel Broadwell",
            "current_status": "RUNNING",
            "deletion_protection": false,
            "description": "",
            "desired_status": null,
            "enable_display": false,
            "guest_accelerator": [],
            "hostname": "",
            "id": "projects/argon-potential-319121/zones/us-east1-b/instances/brent-compute-0",
            "instance_id": "6624402692583335154",
            "label_fingerprint": "42WmSpB8rSM=",
            "labels": null,
            "machine_type": "e2-micro",
            "metadata": null,
            "metadata_fingerprint": "dg4mCjfPAh0=",
            "metadata_startup_script": null,
            "min_cpu_platform": "",
            "name": "brent-compute-0",
            "network_interface": [
              {
                "access_config": [],
                "alias_ip_range": [],
                "ipv6_access_config": [],
                "ipv6_access_type": "",
                "name": "nic0",
                "network": "https://www.googleapis.com/compute/v1/projects/argon-potential-319121/global/networks/default",
                "network_ip": "10.142.0.5",
                "nic_type": "",
                "queue_count": 0,
                "stack_type": "IPV4_ONLY",
                "subnetwork": "https://www.googleapis.com/compute/v1/projects/argon-potential-319121/regions/us-east1/subnetworks/default",
                "subnetwork_project": "argon-potential-319121"
              }
            ],
            "project": "argon-potential-319121",
            "reservation_affinity": [],
            "resource_policies": null,
            "scheduling": [
              {
                "automatic_restart": true,
                "min_node_cpus": 0,
                "node_affinities": [],
                "on_host_maintenance": "MIGRATE",
                "preemptible": false
              }
            ],
            "scratch_disk": [],
            "self_link": "https://www.googleapis.com/compute/v1/projects/argon-potential-319121/zones/us-east1-b/instances/brent-compute-0",
            "service_account": [],
            "shielded_instance_config": [
              {
                "enable_integrity_monitoring": true,
                "enable_secure_boot": false,
                "enable_vtpm": true
              }
            ],
            "tags": null,
            "tags_fingerprint": "42WmSpB8rSM=",
            "timeouts": null,
            "zone": "us-east1-b"
          },
          "sensitive_attributes": [],
          "private": "eyJlMmJmYjczMC1lY2FhLTExZTYtOGY4OC0zNDM2M2JjN2M0YzAiOnsiY3JlYXRlIjoxMjAwMDAwMDAwMDAwLCJkZWxldGUiOjEyMDAwMDAwMDAwMDAsInVwZGF0ZSI6MTIwMDAwMDAwMDAwMH0sInNjaGVtYV92ZXJzaW9uIjoiNiJ9"
        },
        {
          "index_key": 1,
          "schema_version": 6,
          "attributes": {
            "advanced_machine_features": [],
            "allow_stopping_for_update": null,
            "attached_disk": [],
            "boot_disk": [
              {
                "auto_delete": true,
                "device_name": "persistent-disk-0",
                "disk_encryption_key_raw": "",
                "disk_encryption_key_sha256": "",
                "initialize_params": [
                  {
                    "image": "https://www.googleapis.com/compute/v1/projects/centos-cloud/global/images/centos-stream-8-v20220317",
                    "labels": {},
                    "size": 20,
                    "type": "pd-standard"
                  }
                ],
                "kms_key_self_link": "",
                "mode": "READ_WRITE",
                "source": "https://www.googleapis.com/compute/v1/projects/argon-potential-319121/zones/us-east1-b/disks/brent-compute-1"
              }
            ],
            "can_ip_forward": false,
            "confidential_instance_config": [],
            "cpu_platform": "Intel Broadwell",
            "current_status": "RUNNING",
            "deletion_protection": false,
            "description": "",
            "desired_status": null,
            "enable_display": false,
            "guest_accelerator": [],
            "hostname": "",
            "id": "projects/argon-potential-319121/zones/us-east1-b/instances/brent-compute-1",
            "instance_id": "781973475996869873",
            "label_fingerprint": "42WmSpB8rSM=",
            "labels": null,
            "machine_type": "e2-micro",
            "metadata": null,
            "metadata_fingerprint": "dg4mCjfPAh0=",
            "metadata_startup_script": null,
            "min_cpu_platform": "",
            "name": "brent-compute-1",
            "network_interface": [
              {
                "access_config": [],
                "alias_ip_range": [],
                "ipv6_access_config": [],
                "ipv6_access_type": "",
                "name": "nic0",
                "network": "https://www.googleapis.com/compute/v1/projects/argon-potential-319121/global/networks/default",
                "network_ip": "10.142.0.9",
                "nic_type": "",
                "queue_count": 0,
                "stack_type": "IPV4_ONLY",
                "subnetwork": "https://www.googleapis.com/compute/v1/projects/argon-potential-319121/regions/us-east1/subnetworks/default",
                "subnetwork_project": "argon-potential-319121"
              }
            ],
            "project": "argon-potential-319121",
            "reservation_affinity": [],
            "resource_policies": null,
            "scheduling": [
              {
                "automatic_restart": true,
                "min_node_cpus": 0,
                "node_affinities": [],
                "on_host_maintenance": "MIGRATE",
                "preemptible": false
              }
            ],
            "scratch_disk": [],
            "self_link": "https://www.googleapis.com/compute/v1/projects/argon-potential-319121/zones/us-east1-b/instances/brent-compute-1",
            "service_account": [],
            "shielded_instance_config": [
              {
                "enable_integrity_monitoring": true,
                "enable_secure_boot": false,
                "enable_vtpm": true
              }
            ],
            "tags": null,
            "tags_fingerprint": "42WmSpB8rSM=",
            "timeouts": null,
            "zone": "us-east1-b"
          },
          "sensitive_attributes": [],
          "private": "eyJlMmJmYjczMC1lY2FhLTExZTYtOGY4OC0zNDM2M2JjN2M0YzAiOnsiY3JlYXRlIjoxMjAwMDAwMDAwMDAwLCJkZWxldGUiOjEyMDAwMDAwMDAwMDAsInVwZGF0ZSI6MTIwMDAwMDAwMDAwMH0sInNjaGVtYV92ZXJzaW9uIjoiNiJ9"
        },
        {
          "index_key": 2,
          "schema_version": 6,
          "attributes": {
            "advanced_machine_features": [],
            "allow_stopping_for_update": null,
            "attached_disk": [],
            "boot_disk": [
              {
                "auto_delete": true,
                "device_name": "persistent-disk-0",
                "disk_encryption_key_raw": "",
                "disk_encryption_key_sha256": "",
                "initialize_params": [
                  {
                    "image": "https://www.googleapis.com/compute/v1/projects/centos-cloud/global/images/centos-stream-8-v20220317",
                    "labels": {},
                    "size": 20,
                    "type": "pd-standard"
                  }
                ],
                "kms_key_self_link": "",
                "mode": "READ_WRITE",
                "source": "https://www.googleapis.com/compute/v1/projects/argon-potential-319121/zones/us-east1-b/disks/brent-compute-2"
              }
            ],
            "can_ip_forward": false,
            "confidential_instance_config": [],
            "cpu_platform": "Intel Broadwell",
            "current_status": "RUNNING",
            "deletion_protection": false,
            "description": "",
            "desired_status": null,
            "enable_display": false,
            "guest_accelerator": [],
            "hostname": "",
            "id": "projects/argon-potential-319121/zones/us-east1-b/instances/brent-compute-2",
            "instance_id": "1306051351164364018",
            "label_fingerprint": "42WmSpB8rSM=",
            "labels": null,
            "machine_type": "e2-micro",
            "metadata": null,
            "metadata_fingerprint": "dg4mCjfPAh0=",
            "metadata_startup_script": null,
            "min_cpu_platform": "",
            "name": "brent-compute-2",
            "network_interface": [
              {
                "access_config": [],
                "alias_ip_range": [],
                "ipv6_access_config": [],
                "ipv6_access_type": "",
                "name": "nic0",
                "network": "https://www.googleapis.com/compute/v1/projects/argon-potential-319121/global/networks/default",
                "network_ip": "10.142.0.6",
                "nic_type": "",
                "queue_count": 0,
                "stack_type": "IPV4_ONLY",
                "subnetwork": "https://www.googleapis.com/compute/v1/projects/argon-potential-319121/regions/us-east1/subnetworks/default",
                "subnetwork_project": "argon-potential-319121"
              }
            ],
            "project": "argon-potential-319121",
            "reservation_affinity": [],
            "resource_policies": null,
            "scheduling": [
              {
                "automatic_restart": true,
                "min_node_cpus": 0,
                "node_affinities": [],
                "on_host_maintenance": "MIGRATE",
                "preemptible": false
              }
            ],
            "scratch_disk": [],
            "self_link": "https://www.googleapis.com/compute/v1/projects/argon-potential-319121/zones/us-east1-b/instances/brent-compute-2",
            "service_account": [],
            "shielded_instance_config": [
              {
                "enable_integrity_monitoring": true,
                "enable_secure_boot": false,
                "enable_vtpm": true
              }
            ],
            "tags": null,
            "tags_fingerprint": "42WmSpB8rSM=",
            "timeouts": null,
            "zone": "us-east1-b"
          },
          "sensitive_attributes": [],
          "private": "eyJlMmJmYjczMC1lY2FhLTExZTYtOGY4OC0zNDM2M2JjN2M0YzAiOnsiY3JlYXRlIjoxMjAwMDAwMDAwMDAwLCJkZWxldGUiOjEyMDAwMDAwMDAwMDAsInVwZGF0ZSI6MTIwMDAwMDAwMDAwMH0sInNjaGVtYV92ZXJzaW9uIjoiNiJ9"
        },
        {
          "index_key": 3,
          "schema_version": 6,
          "attributes": {
            "advanced_machine_features": [],
            "allow_stopping_for_update": null,
            "attached_disk": [],
            "boot_disk": [
              {
                "auto_delete": true,
                "device_name": "persistent-disk-0",
                "disk_encryption_key_raw": "",
                "disk_encryption_key_sha256": "",
                "initialize_params": [
                  {
                    "image": "https://www.googleapis.com/compute/v1/projects/centos-cloud/global/images/centos-stream-8-v20220317",
                    "labels": {},
                    "size": 20,
                    "type": "pd-standard"
                  }
                ],
                "kms_key_self_link": "",
                "mode": "READ_WRITE",
                "source": "https://www.googleapis.com/compute/v1/projects/argon-potential-319121/zones/us-east1-b/disks/brent-compute-3"
              }
            ],
            "can_ip_forward": false,
            "confidential_instance_config": [],
            "cpu_platform": "Intel Broadwell",
            "current_status": "RUNNING",
            "deletion_protection": false,
            "description": "",
            "desired_status": null,
            "enable_display": false,
            "guest_accelerator": [],
            "hostname": "",
            "id": "projects/argon-potential-319121/zones/us-east1-b/instances/brent-compute-3",
            "instance_id": "2499827658432586993",
            "label_fingerprint": "42WmSpB8rSM=",
            "labels": null,
            "machine_type": "e2-micro",
            "metadata": null,
            "metadata_fingerprint": "dg4mCjfPAh0=",
            "metadata_startup_script": null,
            "min_cpu_platform": "",
            "name": "brent-compute-3",
            "network_interface": [
              {
                "access_config": [],
                "alias_ip_range": [],
                "ipv6_access_config": [],
                "ipv6_access_type": "",
                "name": "nic0",
                "network": "https://www.googleapis.com/compute/v1/projects/argon-potential-319121/global/networks/default",
                "network_ip": "10.142.0.8",
                "nic_type": "",
                "queue_count": 0,
                "stack_type": "IPV4_ONLY",
                "subnetwork": "https://www.googleapis.com/compute/v1/projects/argon-potential-319121/regions/us-east1/subnetworks/default",
                "subnetwork_project": "argon-potential-319121"
              }
            ],
            "project": "argon-potential-319121",
            "reservation_affinity": [],
            "resource_policies": null,
            "scheduling": [
              {
                "automatic_restart": true,
                "min_node_cpus": 0,
                "node_affinities": [],
                "on_host_maintenance": "MIGRATE",
                "preemptible": false
              }
            ],
            "scratch_disk": [],
            "self_link": "https://www.googleapis.com/compute/v1/projects/argon-potential-319121/zones/us-east1-b/instances/brent-compute-3",
            "service_account": [],
            "shielded_instance_config": [
              {
                "enable_integrity_monitoring": true,
                "enable_secure_boot": false,
                "enable_vtpm": true
              }
            ],
            "tags": null,
            "tags_fingerprint": "42WmSpB8rSM=",
            "timeouts": null,
            "zone": "us-east1-b"
          },
          "sensitive_attributes": [],
          "private": "eyJlMmJmYjczMC1lY2FhLTExZTYtOGY4OC0zNDM2M2JjN2M0YzAiOnsiY3JlYXRlIjoxMjAwMDAwMDAwMDAwLCJkZWxldGUiOjEyMDAwMDAwMDAwMDAsInVwZGF0ZSI6MTIwMDAwMDAwMDAwMH0sInNjaGVtYV92ZXJzaW9uIjoiNiJ9"
        },
        {
          "index_key": 4,
          "schema_version": 6,
          "attributes": {
            "advanced_machine_features": [],
            "allow_stopping_for_update": null,
            "attached_disk": [],
            "boot_disk": [
              {
                "auto_delete": true,
                "device_name": "persistent-disk-0",
                "disk_encryption_key_raw": "",
                "disk_encryption_key_sha256": "",
                "initialize_params": [
                  {
                    "image": "https://www.googleapis.com/compute/v1/projects/centos-cloud/global/images/centos-stream-8-v20220317",
                    "labels": {},
                    "size": 20,
                    "type": "pd-standard"
                  }
                ],
                "kms_key_self_link": "",
                "mode": "READ_WRITE",
                "source": "https://www.googleapis.com/compute/v1/projects/argon-potential-319121/zones/us-east1-b/disks/brent-compute-4"
              }
            ],
            "can_ip_forward": false,
            "confidential_instance_config": [],
            "cpu_platform": "Intel Broadwell",
            "current_status": "RUNNING",
            "deletion_protection": false,
            "description": "",
            "desired_status": null,
            "enable_display": false,
            "guest_accelerator": [],
            "hostname": "",
            "id": "projects/argon-potential-319121/zones/us-east1-b/instances/brent-compute-4",
            "instance_id": "1974518742558844146",
            "label_fingerprint": "42WmSpB8rSM=",
            "labels": null,
            "machine_type": "e2-micro",
            "metadata": null,
            "metadata_fingerprint": "dg4mCjfPAh0=",
            "metadata_startup_script": null,
            "min_cpu_platform": "",
            "name": "brent-compute-4",
            "network_interface": [
              {
                "access_config": [],
                "alias_ip_range": [],
                "ipv6_access_config": [],
                "ipv6_access_type": "",
                "name": "nic0",
                "network": "https://www.googleapis.com/compute/v1/projects/argon-potential-319121/global/networks/default",
                "network_ip": "10.142.0.7",
                "nic_type": "",
                "queue_count": 0,
                "stack_type": "IPV4_ONLY",
                "subnetwork": "https://www.googleapis.com/compute/v1/projects/argon-potential-319121/regions/us-east1/subnetworks/default",
                "subnetwork_project": "argon-potential-319121"
              }
            ],
            "project": "argon-potential-319121",
            "reservation_affinity": [],
            "resource_policies": null,
            "scheduling": [
              {
                "automatic_restart": true,
                "min_node_cpus": 0,
                "node_affinities": [],
                "on_host_maintenance": "MIGRATE",
                "preemptible": false
              }
            ],
            "scratch_disk": [],
            "self_link": "https://www.googleapis.com/compute/v1/projects/argon-potential-319121/zones/us-east1-b/instances/brent-compute-4",
            "service_account": [],
            "shielded_instance_config": [
              {
                "enable_integrity_monitoring": true,
                "enable_secure_boot": false,
                "enable_vtpm": true
              }
            ],
            "tags": null,
            "tags_fingerprint": "42WmSpB8rSM=",
            "timeouts": null,
            "zone": "us-east1-b"
          },
          "sensitive_attributes": [],
          "private": "eyJlMmJmYjczMC1lY2FhLTExZTYtOGY4OC0zNDM2M2JjN2M0YzAiOnsiY3JlYXRlIjoxMjAwMDAwMDAwMDAwLCJkZWxldGUiOjEyMDAwMDAwMDAwMDAsInVwZGF0ZSI6MTIwMDAwMDAwMDAwMH0sInNjaGVtYV92ZXJzaW9uIjoiNiJ9"
        }
      ]
    },
    {
      "module": "module.brent_compute",
      "mode": "managed",
      "type": "random_id",
      "name": "instance_id",
      "provider": "provider[\"registry.terraform.io/hashicorp/random\"]",
      "instances": [
        {
          "schema_version": 0,
          "attributes": {
            "b64_std": "1JQdMEYapYY=",
            "b64_url": "1JQdMEYapYY",
            "byte_length": 8,
            "dec": "15317900325765686662",
            "hex": "d4941d30461aa586",
            "id": "1JQdMEYapYY",
            "keepers": null,
            "prefix": null
          },
          "sensitive_attributes": [],
          "private": "bnVsbA=="
        }
      ]
    }
  ]
}
